
Microsoft Visual Studio Solution File, Format Version 12.00
# Visual Studio 15
VisualStudioVersion = 15.0.28010.2048
MinimumVisualStudioVersion = 10.0.40219.1
Project("{FAE04EC0-301F-11D3-BF4B-00C04F79EFBC}") = "MyGame", "MyGame\MyGame.csproj", "{0DDC9E9D-521A-48DA-94A4-50E65F8FF261}"
EndProject
Project("{FAE04EC0-301F-11D3-BF4B-00C04F79EFBC}") = "GameObjLib", "GameObjLib\GameObjLib.csproj", "{8DB80085-45B5-41D9-8A79-F2C936905E2A}"
EndProject
Global
	GlobalSection(SolutionConfigurationPlatforms) = preSolution
		Debug|Any CPU = Debug|Any CPU
		Release|Any CPU = Release|Any CPU
	EndGlobalSection
	GlobalSection(ProjectConfigurationPlatforms) = postSolution
		{0DDC9E9D-521A-48DA-94A4-50E65F8FF261}.Debug|Any CPU.ActiveCfg = Debug|Any CPU
		{0DDC9E9D-521A-48DA-94A4-50E65F8FF261}.Debug|Any CPU.Build.0 = Debug|Any CPU
		{0DDC9E9D-521A-48DA-94A4-50E65F8FF261}.Release|Any CPU.ActiveCfg = Release|Any CPU
		{0DDC9E9D-521A-48DA-94A4-50E65F8FF261}.Release|Any CPU.Build.0 = Release|Any CPU
		{8DB80085-45B5-41D9-8A79-F2C936905E2A}.Debug|Any CPU.ActiveCfg = Debug|Any CPU
		{8DB80085-45B5-41D9-8A79-F2C936905E2A}.Debug|Any CPU.Build.0 = Debug|Any CPU
		{8DB80085-45B5-41D9-8A79-F2C936905E2A}.Release|Any CPU.ActiveCfg = Release|Any CPU
		{8DB80085-45B5-41D9-8A79-F2C936905E2A}.Release|Any CPU.Build.0 = Release|Any CPU
	EndGlobalSection
	GlobalSection(SolutionProperties) = preSolution
		HideSolutionNode = FALSE
	EndGlobalSection
	GlobalSection(ExtensibilityGlobals) = postSolution
		SolutionGuid = {33D3800B-23B3-41F2-8F07-CD6279D7CA3F}
	EndGlobalSection
EndGlobal
